// !$*UTF8*$!
{
	archiveVersion = 1;
	classes = {
	};
	objectVersion = 46;
	objects = {

/* Begin PBXBuildFile section */
		505AB7151EEF19CB00E62C68 /* Accessible.swift in Sources */ = {isa = PBXBuildFile; fileRef = 505AB7141EEF19CB00E62C68 /* Accessible.swift */; };
		505AB7171EF0280A00E62C68 /* UITest.swift in Sources */ = {isa = PBXBuildFile; fileRef = 505AB7161EF0280A00E62C68 /* UITest.swift */; };
		50E828551EEEF76800FE2F43 /* AppDelegate.swift in Sources */ = {isa = PBXBuildFile; fileRef = 50E828541EEEF76800FE2F43 /* AppDelegate.swift */; };
		50E828571EEEF76800FE2F43 /* RootViewController.swift in Sources */ = {isa = PBXBuildFile; fileRef = 50E828561EEEF76800FE2F43 /* RootViewController.swift */; };
		50E828591EEEF76800FE2F43 /* DataViewController.swift in Sources */ = {isa = PBXBuildFile; fileRef = 50E828581EEEF76800FE2F43 /* DataViewController.swift */; };
		50E8285B1EEEF76800FE2F43 /* ModelController.swift in Sources */ = {isa = PBXBuildFile; fileRef = 50E8285A1EEEF76800FE2F43 /* ModelController.swift */; };
		50E8285E1EEEF76800FE2F43 /* Main.storyboard in Resources */ = {isa = PBXBuildFile; fileRef = 50E8285C1EEEF76800FE2F43 /* Main.storyboard */; };
		50E828601EEEF76800FE2F43 /* Assets.xcassets in Resources */ = {isa = PBXBuildFile; fileRef = 50E8285F1EEEF76800FE2F43 /* Assets.xcassets */; };
		50E828631EEEF76800FE2F43 /* LaunchScreen.storyboard in Resources */ = {isa = PBXBuildFile; fileRef = 50E828611EEEF76800FE2F43 /* LaunchScreen.storyboard */; };
		50E8286E1EEEF76800FE2F43 /* TestUITestUITests.swift in Sources */ = {isa = PBXBuildFile; fileRef = 50E8286D1EEEF76800FE2F43 /* TestUITestUITests.swift */; };
/* End PBXBuildFile section */

/* Begin PBXContainerItemProxy section */
		50E8286A1EEEF76800FE2F43 /* PBXContainerItemProxy */ = {
			isa = PBXContainerItemProxy;
			containerPortal = 50E828491EEEF76800FE2F43 /* Project object */;
			proxyType = 1;
			remoteGlobalIDString = 50E828501EEEF76800FE2F43;
			remoteInfo = TestUITest;
		};
/* End PBXContainerItemProxy section */

/* Begin PBXFileReference section */
		5009770D1EFC35000089822E /* circle.yml */ = {isa = PBXFileReference; lastKnownFileType = text; path = circle.yml; sourceTree = "<group>"; };
		505AB7141EEF19CB00E62C68 /* Accessible.swift */ = {isa = PBXFileReference; fileEncoding = 4; lastKnownFileType = sourcecode.swift; path = Accessible.swift; sourceTree = "<group>"; };
		505AB7161EF0280A00E62C68 /* UITest.swift */ = {isa = PBXFileReference; fileEncoding = 4; lastKnownFileType = sourcecode.swift; path = UITest.swift; sourceTree = "<group>"; };
		50E828511EEEF76800FE2F43 /* TestUITest.app */ = {isa = PBXFileReference; explicitFileType = wrapper.application; includeInIndex = 0; path = TestUITest.app; sourceTree = BUILT_PRODUCTS_DIR; };
		50E828541EEEF76800FE2F43 /* AppDelegate.swift */ = {isa = PBXFileReference; lastKnownFileType = sourcecode.swift; path = AppDelegate.swift; sourceTree = "<group>"; };
		50E828561EEEF76800FE2F43 /* RootViewController.swift */ = {isa = PBXFileReference; lastKnownFileType = sourcecode.swift; path = RootViewController.swift; sourceTree = "<group>"; };
		50E828581EEEF76800FE2F43 /* DataViewController.swift */ = {isa = PBXFileReference; lastKnownFileType = sourcecode.swift; path = DataViewController.swift; sourceTree = "<group>"; };
		50E8285A1EEEF76800FE2F43 /* ModelController.swift */ = {isa = PBXFileReference; lastKnownFileType = sourcecode.swift; path = ModelController.swift; sourceTree = "<group>"; };
		50E8285D1EEEF76800FE2F43 /* Base */ = {isa = PBXFileReference; lastKnownFileType = file.storyboard; name = Base; path = Base.lproj/Main.storyboard; sourceTree = "<group>"; };
		50E8285F1EEEF76800FE2F43 /* Assets.xcassets */ = {isa = PBXFileReference; lastKnownFileType = folder.assetcatalog; path = Assets.xcassets; sourceTree = "<group>"; };
		50E828621EEEF76800FE2F43 /* Base */ = {isa = PBXFileReference; lastKnownFileType = file.storyboard; name = Base; path = Base.lproj/LaunchScreen.storyboard; sourceTree = "<group>"; };
		50E828641EEEF76800FE2F43 /* Info.plist */ = {isa = PBXFileReference; lastKnownFileType = text.plist.xml; path = Info.plist; sourceTree = "<group>"; };
		50E828691EEEF76800FE2F43 /* TestUITestUITests.xctest */ = {isa = PBXFileReference; explicitFileType = wrapper.cfbundle; includeInIndex = 0; path = TestUITestUITests.xctest; sourceTree = BUILT_PRODUCTS_DIR; };
		50E8286D1EEEF76800FE2F43 /* TestUITestUITests.swift */ = {isa = PBXFileReference; lastKnownFileType = sourcecode.swift; path = TestUITestUITests.swift; sourceTree = "<group>"; };
		50E8286F1EEEF76800FE2F43 /* Info.plist */ = {isa = PBXFileReference; lastKnownFileType = text.plist.xml; path = Info.plist; sourceTree = "<group>"; };
/* End PBXFileReference section */

/* Begin PBXFrameworksBuildPhase section */
		50E8284E1EEEF76800FE2F43 /* Frameworks */ = {
			isa = PBXFrameworksBuildPhase;
			buildActionMask = 2147483647;
			files = (
			);
			runOnlyForDeploymentPostprocessing = 0;
		};
		50E828661EEEF76800FE2F43 /* Frameworks */ = {
			isa = PBXFrameworksBuildPhase;
			buildActionMask = 2147483647;
			files = (
			);
			runOnlyForDeploymentPostprocessing = 0;
		};
/* End PBXFrameworksBuildPhase section */

/* Begin PBXGroup section */
		50E828481EEEF76800FE2F43 = {
			isa = PBXGroup;
			children = (
				5009770D1EFC35000089822E /* circle.yml */,
				50E828531EEEF76800FE2F43 /* TestUITest */,
				50E8286C1EEEF76800FE2F43 /* TestUITestUITests */,
				50E828521EEEF76800FE2F43 /* Products */,
			);
			sourceTree = "<group>";
		};
		50E828521EEEF76800FE2F43 /* Products */ = {
			isa = PBXGroup;
			children = (
				50E828511EEEF76800FE2F43 /* TestUITest.app */,
				50E828691EEEF76800FE2F43 /* TestUITestUITests.xctest */,
			);
			name = Products;
			sourceTree = "<group>";
		};
		50E828531EEEF76800FE2F43 /* TestUITest */ = {
			isa = PBXGroup;
			children = (
				50E828541EEEF76800FE2F43 /* AppDelegate.swift */,
				50E828561EEEF76800FE2F43 /* RootViewController.swift */,
				505AB7141EEF19CB00E62C68 /* Accessible.swift */,
				50E828581EEEF76800FE2F43 /* DataViewController.swift */,
				50E8285A1EEEF76800FE2F43 /* ModelController.swift */,
				50E8285C1EEEF76800FE2F43 /* Main.storyboard */,
				50E8285F1EEEF76800FE2F43 /* Assets.xcassets */,
				50E828611EEEF76800FE2F43 /* LaunchScreen.storyboard */,
				50E828641EEEF76800FE2F43 /* Info.plist */,
			);
			path = TestUITest;
			sourceTree = "<group>";
		};
		50E8286C1EEEF76800FE2F43 /* TestUITestUITests */ = {
			isa = PBXGroup;
			children = (
				50E8286D1EEEF76800FE2F43 /* TestUITestUITests.swift */,
				50E8286F1EEEF76800FE2F43 /* Info.plist */,
				505AB7161EF0280A00E62C68 /* UITest.swift */,
			);
			path = TestUITestUITests;
			sourceTree = "<group>";
		};
/* End PBXGroup section */

/* Begin PBXNativeTarget section */
		50E828501EEEF76800FE2F43 /* TestUITest */ = {
			isa = PBXNativeTarget;
			buildConfigurationList = 50E828721EEEF76800FE2F43 /* Build configuration list for PBXNativeTarget "TestUITest" */;
			buildPhases = (
				50E8284D1EEEF76800FE2F43 /* Sources */,
				50E8284E1EEEF76800FE2F43 /* Frameworks */,
				50E8284F1EEEF76800FE2F43 /* Resources */,
			);
			buildRules = (
			);
			dependencies = (
			);
			name = TestUITest;
			productName = TestUITest;
			productReference = 50E828511EEEF76800FE2F43 /* TestUITest.app */;
			productType = "com.apple.product-type.application";
		};
		50E828681EEEF76800FE2F43 /* TestUITestUITests */ = {
			isa = PBXNativeTarget;
			buildConfigurationList = 50E828751EEEF76800FE2F43 /* Build configuration list for PBXNativeTarget "TestUITestUITests" */;
			buildPhases = (
				50E828651EEEF76800FE2F43 /* Sources */,
				50E828661EEEF76800FE2F43 /* Frameworks */,
				50E828671EEEF76800FE2F43 /* Resources */,
			);
			buildRules = (
			);
			dependencies = (
				50E8286B1EEEF76800FE2F43 /* PBXTargetDependency */,
			);
			name = TestUITestUITests;
			productName = TestUITestUITests;
			productReference = 50E828691EEEF76800FE2F43 /* TestUITestUITests.xctest */;
			productType = "com.apple.product-type.bundle.ui-testing";
		};
/* End PBXNativeTarget section */

/* Begin PBXProject section */
		50E828491EEEF76800FE2F43 /* Project object */ = {
			isa = PBXProject;
			attributes = {
				LastSwiftUpdateCheck = 0830;
				LastUpgradeCheck = 0830;
				ORGANIZATIONNAME = "Max Ainatchi, Inc";
				TargetAttributes = {
					50E828501EEEF76800FE2F43 = {
						CreatedOnToolsVersion = 8.3.3;
						DevelopmentTeam = L5262XM8UA;
						ProvisioningStyle = Automatic;
					};
					50E828681EEEF76800FE2F43 = {
						CreatedOnToolsVersion = 8.3.3;
						DevelopmentTeam = 2338K87G7Y;
						ProvisioningStyle = Automatic;
						TestTargetID = 50E828501EEEF76800FE2F43;
					};
				};
			};
			buildConfigurationList = 50E8284C1EEEF76800FE2F43 /* Build configuration list for PBXProject "TestUITest" */;
			compatibilityVersion = "Xcode 3.2";
			developmentRegion = English;
			hasScannedForEncodings = 0;
			knownRegions = (
				en,
				Base,
			);
			mainGroup = 50E828481EEEF76800FE2F43;
			productRefGroup = 50E828521EEEF76800FE2F43 /* Products */;
			projectDirPath = "";
			projectRoot = "";
			targets = (
				50E828501EEEF76800FE2F43 /* TestUITest */,
				50E828681EEEF76800FE2F43 /* TestUITestUITests */,
			);
		};
/* End PBXProject section */

/* Begin PBXResourcesBuildPhase section */
		50E8284F1EEEF76800FE2F43 /* Resources */ = {
			isa = PBXResourcesBuildPhase;
			buildActionMask = 2147483647;
			files = (
				50E828631EEEF76800FE2F43 /* LaunchScreen.storyboard in Resources */,
				50E828601EEEF76800FE2F43 /* Assets.xcassets in Resources */,
				50E8285E1EEEF76800FE2F43 /* Main.storyboard in Resources */,
			);
			runOnlyForDeploymentPostprocessing = 0;
		};
		50E828671EEEF76800FE2F43 /* Resources */ = {
			isa = PBXResourcesBuildPhase;
			buildActionMask = 2147483647;
			files = (
			);
			runOnlyForDeploymentPostprocessing = 0;
		};
/* End PBXResourcesBuildPhase section */

/* Begin PBXSourcesBuildPhase section */
		50E8284D1EEEF76800FE2F43 /* Sources */ = {
			isa = PBXSourcesBuildPhase;
			buildActionMask = 2147483647;
			files = (
				50E828571EEEF76800FE2F43 /* RootViewController.swift in Sources */,
				50E8285B1EEEF76800FE2F43 /* ModelController.swift in Sources */,
				50E828591EEEF76800FE2F43 /* DataViewController.swift in Sources */,
				505AB7151EEF19CB00E62C68 /* Accessible.swift in Sources */,
				50E828551EEEF76800FE2F43 /* AppDelegate.swift in Sources */,
			);
			runOnlyForDeploymentPostprocessing = 0;
		};
		50E828651EEEF76800FE2F43 /* Sources */ = {
			isa = PBXSourcesBuildPhase;
			buildActionMask = 2147483647;
			files = (
				50E8286E1EEEF76800FE2F43 /* TestUITestUITests.swift in Sources */,
				505AB7171EF0280A00E62C68 /* UITest.swift in Sources */,
			);
			runOnlyForDeploymentPostprocessing = 0;
		};
/* End PBXSourcesBuildPhase section */

/* Begin PBXTargetDependency section */
		50E8286B1EEEF76800FE2F43 /* PBXTargetDependency */ = {
			isa = PBXTargetDependency;
			target = 50E828501EEEF76800FE2F43 /* TestUITest */;
			targetProxy = 50E8286A1EEEF76800FE2F43 /* PBXContainerItemProxy */;
		};
/* End PBXTargetDependency section */

/* Begin PBXVariantGroup section */
		50E8285C1EEEF76800FE2F43 /* Main.storyboard */ = {
			isa = PBXVariantGroup;
			children = (
				50E8285D1EEEF76800FE2F43 /* Base */,
			);
			name = Main.storyboard;
			sourceTree = "<group>";
		};
		50E828611EEEF76800FE2F43 /* LaunchScreen.storyboard */ = {
			isa = PBXVariantGroup;
			children = (
				50E828621EEEF76800FE2F43 /* Base */,
			);
			name = LaunchScreen.storyboard;
			sourceTree = "<group>";
		};
/* End PBXVariantGroup section */

/* Begin XCBuildConfiguration section */
		50E828701EEEF76800FE2F43 /* Debug */ = {
			isa = XCBuildConfiguration;
			buildSettings = {
				ALWAYS_SEARCH_USER_PATHS = NO;
				CLANG_ANALYZER_NONNULL = YES;
				CLANG_ANALYZER_NUMBER_OBJECT_CONVERSION = YES_AGGRESSIVE;
				CLANG_CXX_LANGUAGE_STANDARD = "gnu++0x";
				CLANG_CXX_LIBRARY = "libc++";
				CLANG_ENABLE_MODULES = YES;
				CLANG_ENABLE_OBJC_ARC = YES;
				CLANG_WARN_BOOL_CONVERSION = YES;
				CLANG_WARN_CONSTANT_CONVERSION = YES;
				CLANG_WARN_DIRECT_OBJC_ISA_USAGE = YES_ERROR;
				CLANG_WARN_DOCUMENTATION_COMMENTS = YES;
				CLANG_WARN_EMPTY_BODY = YES;
				CLANG_WARN_ENUM_CONVERSION = YES;
				CLANG_WARN_INFINITE_RECURSION = YES;
				CLANG_WARN_INT_CONVERSION = YES;
				CLANG_WARN_OBJC_ROOT_CLASS = YES_ERROR;
				CLANG_WARN_SUSPICIOUS_MOVE = YES;
				CLANG_WARN_UNREACHABLE_CODE = YES;
				CLANG_WARN__DUPLICATE_METHOD_MATCH = YES;
				"CODE_SIGN_IDENTITY[sdk=iphoneos*]" = "iPhone Developer";
				COPY_PHASE_STRIP = NO;
				DEBUG_INFORMATION_FORMAT = dwarf;
				ENABLE_STRICT_OBJC_MSGSEND = YES;
				ENABLE_TESTABILITY = YES;
				GCC_C_LANGUAGE_STANDARD = gnu99;
				GCC_DYNAMIC_NO_PIC = NO;
				GCC_NO_COMMON_BLOCKS = YES;
				GCC_OPTIMIZATION_LEVEL = 0;
				GCC_PREPROCESSOR_DEFINITIONS = (
					"DEBUG=1",
					"$(inherited)",
				);
				GCC_WARN_64_TO_32_BIT_CONVERSION = YES;
				GCC_WARN_ABOUT_RETURN_TYPE = YES_ERROR;
				GCC_WARN_UNDECLARED_SELECTOR = YES;
				GCC_WARN_UNINITIALIZED_AUTOS = YES_AGGRESSIVE;
				GCC_WARN_UNUSED_FUNCTION = YES;
				GCC_WARN_UNUSED_VARIABLE = YES;
				IPHONEOS_DEPLOYMENT_TARGET = 10.3;
				MTL_ENABLE_DEBUG_INFO = YES;
				ONLY_ACTIVE_ARCH = YES;
				SDKROOT = iphoneos;
				SWIFT_ACTIVE_COMPILATION_CONDITIONS = DEBUG;
				SWIFT_OPTIMIZATION_LEVEL = "-Onone";
				TARGETED_DEVICE_FAMILY = "1,2";
			};
			name = Debug;
		};
		50E828711EEEF76800FE2F43 /* Release */ = {
			isa = XCBuildConfiguration;
			buildSettings = {
				ALWAYS_SEARCH_USER_PATHS = NO;
				CLANG_ANALYZER_NONNULL = YES;
				CLANG_ANALYZER_NUMBER_OBJECT_CONVERSION = YES_AGGRESSIVE;
				CLANG_CXX_LANGUAGE_STANDARD = "gnu++0x";
				CLANG_CXX_LIBRARY = "libc++";
				CLANG_ENABLE_MODULES = YES;
				CLANG_ENABLE_OBJC_ARC = YES;
				CLANG_WARN_BOOL_CONVERSION = YES;
				CLANG_WARN_CONSTANT_CONVERSION = YES;
				CLANG_WARN_DIRECT_OBJC_ISA_USAGE = YES_ERROR;
				CLANG_WARN_DOCUMENTATION_COMMENTS = YES;
				CLANG_WARN_EMPTY_BODY = YES;
				CLANG_WARN_ENUM_CONVERSION = YES;
				CLANG_WARN_INFINITE_RECURSION = YES;
				CLANG_WARN_INT_CONVERSION = YES;
				CLANG_WARN_OBJC_ROOT_CLASS = YES_ERROR;
				CLANG_WARN_SUSPICIOUS_MOVE = YES;
				CLANG_WARN_UNREACHABLE_CODE = YES;
				CLANG_WARN__DUPLICATE_METHOD_MATCH = YES;
				"CODE_SIGN_IDENTITY[sdk=iphoneos*]" = "iPhone Developer";
				COPY_PHASE_STRIP = NO;
				DEBUG_INFORMATION_FORMAT = "dwarf-with-dsym";
				ENABLE_NS_ASSERTIONS = NO;
				ENABLE_STRICT_OBJC_MSGSEND = YES;
				GCC_C_LANGUAGE_STANDARD = gnu99;
				GCC_NO_COMMON_BLOCKS = YES;
				GCC_WARN_64_TO_32_BIT_CONVERSION = YES;
				GCC_WARN_ABOUT_RETURN_TYPE = YES_ERROR;
				GCC_WARN_UNDECLARED_SELECTOR = YES;
				GCC_WARN_UNINITIALIZED_AUTOS = YES_AGGRESSIVE;
				GCC_WARN_UNUSED_FUNCTION = YES;
				GCC_WARN_UNUSED_VARIABLE = YES;
				IPHONEOS_DEPLOYMENT_TARGET = 10.3;
				MTL_ENABLE_DEBUG_INFO = NO;
				SDKROOT = iphoneos;
				SWIFT_OPTIMIZATION_LEVEL = "-Owholemodule";
				TARGETED_DEVICE_FAMILY = "1,2";
				VALIDATE_PRODUCT = YES;
			};
			name = Release;
		};
		50E828731EEEF76800FE2F43 /* Debug */ = {
			isa = XCBuildConfiguration;
			buildSettings = {
				ASSETCATALOG_COMPILER_APPICON_NAME = AppIcon;
				"CODE_SIGN_IDENTITY[sdk=iphoneos*]" = "iPhone Developer";
				DEVELOPMENT_TEAM = L5262XM8UA;
				INFOPLIST_FILE = TestUITest/Info.plist;
				LD_RUNPATH_SEARCH_PATHS = "$(inherited) @executable_path/Frameworks";
				PRODUCT_BUNDLE_IDENTIFIER = com.maxainatchi.TestUITest;
				PRODUCT_NAME = "$(TARGET_NAME)";
				PROVISIONING_PROFILE_SPECIFIER = "";
				SWIFT_VERSION = 3.0;
			};
			name = Debug;
		};
		50E828741EEEF76800FE2F43 /* Release */ = {
			isa = XCBuildConfiguration;
			buildSettings = {
				ASSETCATALOG_COMPILER_APPICON_NAME = AppIcon;
				"CODE_SIGN_IDENTITY[sdk=iphoneos*]" = "iPhone Developer";
				DEVELOPMENT_TEAM = L5262XM8UA;
				INFOPLIST_FILE = TestUITest/Info.plist;
				LD_RUNPATH_SEARCH_PATHS = "$(inherited) @executable_path/Frameworks";
				PRODUCT_BUNDLE_IDENTIFIER = com.maxainatchi.TestUITest;
				PRODUCT_NAME = "$(TARGET_NAME)";
				PROVISIONING_PROFILE_SPECIFIER = "";
				SWIFT_VERSION = 3.0;
			};
			name = Release;
		};
		50E828761EEEF76800FE2F43 /* Debug */ = {
			isa = XCBuildConfiguration;
			buildSettings = {
				ALWAYS_EMBED_SWIFT_STANDARD_LIBRARIES = YES;
				DEVELOPMENT_TEAM = 2338K87G7Y;
				INFOPLIST_FILE = TestUITestUITests/Info.plist;
				LD_RUNPATH_SEARCH_PATHS = "$(inherited) @executable_path/Frameworks @loader_path/Frameworks";
				PRODUCT_BUNDLE_IDENTIFIER = com.maxainatchi.TestUITestUITests;
				PRODUCT_NAME = "$(TARGET_NAME)";
				SWIFT_VERSION = 3.0;
				TEST_TARGET_NAME = TestUITest;
			};
			name = Debug;
		};
		50E828771EEEF76800FE2F43 /* Release */ = {
			isa = XCBuildConfiguration;
			buildSettings = {
				ALWAYS_EMBED_SWIFT_STANDARD_LIBRARIES = YES;
				DEVELOPMENT_TEAM = 2338K87G7Y;
				INFOPLIST_FILE = TestUITestUITests/Info.plist;
				LD_RUNPATH_SEARCH_PATHS = "$(inherited) @executable_path/Frameworks @loader_path/Frameworks";
				PRODUCT_BUNDLE_IDENTIFIER = com.maxainatchi.TestUITestUITests;
				PRODUCT_NAME = "$(TARGET_NAME)";
				SWIFT_VERSION = 3.0;
				TEST_TARGET_NAME = TestUITest;
			};
			name = Release;
		};
/* End XCBuildConfiguration section */

/* Begin XCConfigurationList section */
		50E8284C1EEEF76800FE2F43 /* Build configuration list for PBXProject "TestUITest" */ = {
			isa = XCConfigurationList;
			buildConfigurations = (
				50E828701EEEF76800FE2F43 /* Debug */,
				50E828711EEEF76800FE2F43 /* Release */,
			);
			defaultConfigurationIsVisible = 0;
			defaultConfigurationName = Release;
		};
		50E828721EEEF76800FE2F43 /* Build configuration list for PBXNativeTarget "TestUITest" */ = {
			isa = XCConfigurationList;
			buildConfigurations = (
				50E828731EEEF76800FE2F43 /* Debug */,
				50E828741EEEF76800FE2F43 /* Release */,
			);
			defaultConfigurationIsVisible = 0;
			defaultConfigurationName = Release;
		};
		50E828751EEEF76800FE2F43 /* Build configuration list for PBXNativeTarget "TestUITestUITests" */ = {
			isa = XCConfigurationList;
			buildConfigurations = (
				50E828761EEEF76800FE2F43 /* Debug */,
				50E828771EEEF76800FE2F43 /* Release */,
			);
			defaultConfigurationIsVisible = 0;
			defaultConfigurationName = Release;
		};
/* End XCConfigurationList section */
	};
	rootObject = 50E828491EEEF76800FE2F43 /* Project object */;
}
